{
  "name": "camboo",
  "lockfileVersion": 2,
  "requires": true,
  "packages": {
    "": {
      "dependencies": {
        "@heroicons/react": "^1.0.6",
        "react-lazy-load-image-component": "^1.5.4",
        "react-lazyload": "^3.2.0",
        "react-scroll-to-top": "^1.0.8",
        "react-scroll-up": "^1.3.7",
        "yarn": "^1.22.18"
      }
    },
    "node_modules/@heroicons/react": {
      "version": "1.0.6",
      "resolved": "https://registry.npmjs.org/@heroicons/react/-/react-1.0.6.tgz",
      "integrity": "sha512-JJCXydOFWMDpCP4q13iEplA503MQO3xLoZiKum+955ZCtHINWnx26CUxVxxFQu/uLb4LW3ge15ZpzIkXKkJ8oQ==",
      "peerDependencies": {
        "react": ">= 16"
      }
    },
    "node_modules/detect-it": {
      "version": "4.0.1",
      "resolved": "https://registry.npmjs.org/detect-it/-/detect-it-4.0.1.tgz",
      "integrity": "sha512-dg5YBTJYvogK1+dA2mBUDKzOWfYZtHVba89SyZUhc4+e3i2tzgjANFg5lDRCd3UOtRcw00vUTMK8LELcMdicug=="
    },
    "node_modules/detect-passive-events": {
      "version": "2.0.3",
      "resolved": "https://registry.npmjs.org/detect-passive-events/-/detect-passive-events-2.0.3.tgz",
      "integrity": "sha512-QN/1X65Axis6a9D8qg8Py9cwY/fkWAmAH/edTbmLMcv4m5dboLJ7LcAi8CfaCON2tjk904KwKX/HTdsHC6yeRg==",
      "dependencies": {
        "detect-it": "^4.0.1"
      }
    },
    "node_modules/js-tokens": {
      "version": "4.0.0",
      "resolved": "https://registry.npmjs.org/js-tokens/-/js-tokens-4.0.0.tgz",
      "integrity": "sha512-RdJUflcE3cUzKiMqQgsCu06FPu9UdIJO0beYbPhHN4k6apgJtifcoCtT9bcxOpYBtpD2kCM6Sbzg4CausW/PKQ=="
    },
    "node_modules/lodash.debounce": {
      "version": "4.0.8",
      "resolved": "https://registry.npmjs.org/lodash.debounce/-/lodash.debounce-4.0.8.tgz",
      "integrity": "sha1-gteb/zCmfEAF/9XiUVMArZyk168="
    },
    "node_modules/lodash.throttle": {
      "version": "4.1.1",
      "resolved": "https://registry.npmjs.org/lodash.throttle/-/lodash.throttle-4.1.1.tgz",
      "integrity": "sha1-wj6RtxAkKscMN/HhzaknTMOb8vQ="
    },
    "node_modules/loose-envify": {
      "version": "1.4.0",
      "resolved": "https://registry.npmjs.org/loose-envify/-/loose-envify-1.4.0.tgz",
      "integrity": "sha512-lyuxPGr/Wfhrlem2CL/UcnUc1zcqKAImBDzukY7Y5F/yQiNdko6+fRLevlw1HgMySw7f611UIY408EtxRSoK3Q==",
      "dependencies": {
        "js-tokens": "^3.0.0 || ^4.0.0"
      },
      "bin": {
        "loose-envify": "cli.js"
      }
    },
    "node_modules/object-assign": {
      "version": "4.1.1",
      "resolved": "https://registry.npmjs.org/object-assign/-/object-assign-4.1.1.tgz",
      "integrity": "sha1-IQmtx5ZYh8/AXLvUQsrIv7s2CGM=",
      "engines": {
        "node": ">=0.10.0"
      }
    },
    "node_modules/prop-types": {
      "version": "15.8.1",
      "resolved": "https://registry.npmjs.org/prop-types/-/prop-types-15.8.1.tgz",
      "integrity": "sha512-oj87CgZICdulUohogVAR7AjlC0327U4el4L6eAvOqCeudMDVU0NThNaV+b9Df4dXgSP1gXMTnPdhfe/2qDH5cg==",
      "dependencies": {
        "loose-envify": "^1.4.0",
        "object-assign": "^4.1.1",
        "react-is": "^16.13.1"
      }
    },
    "node_modules/react": {
      "version": "17.0.2",
      "resolved": "https://registry.npmjs.org/react/-/react-17.0.2.tgz",
      "integrity": "sha512-gnhPt75i/dq/z3/6q/0asP78D0u592D5L1pd7M8P+dck6Fu/jJeL6iVVK23fptSUZj8Vjf++7wXA8UNclGQcbA==",
      "peer": true,
      "dependencies": {
        "loose-envify": "^1.1.0",
        "object-assign": "^4.1.1"
      },
      "engines": {
        "node": ">=0.10.0"
      }
    },
    "node_modules/react-dom": {
      "version": "17.0.2",
      "resolved": "https://registry.npmjs.org/react-dom/-/react-dom-17.0.2.tgz",
      "integrity": "sha512-s4h96KtLDUQlsENhMn1ar8t2bEa+q/YAtj8pPPdIjPDGBDIVNsrD9aXNWqspUe6AzKCIG0C1HZZLqLV7qpOBGA==",
      "peer": true,
      "dependencies": {
        "loose-envify": "^1.1.0",
        "object-assign": "^4.1.1",
        "scheduler": "^0.20.2"
      },
      "peerDependencies": {
        "react": "17.0.2"
      }
    },
    "node_modules/react-is": {
      "version": "16.13.1",
      "resolved": "https://registry.npmjs.org/react-is/-/react-is-16.13.1.tgz",
      "integrity": "sha512-24e6ynE2H+OKt4kqsOvNd8kBpV65zoxbA4BVsEOB3ARVWQki/DHzaUoC5KuON/BiccDaCCTZBuOcfZs70kR8bQ=="
    },
    "node_modules/react-lazy-load-image-component": {
      "version": "1.5.4",
      "resolved": "https://registry.npmjs.org/react-lazy-load-image-component/-/react-lazy-load-image-component-1.5.4.tgz",
      "integrity": "sha512-PSi9tckzZmiqfYZwS6ke2RoRbICsN5m0qsG6fEjUdQNe5STiJieXLlRuGD3uAASOQPFiKYFSLoueN07nk0uffw==",
      "dependencies": {
        "lodash.debounce": "^4.0.8",
        "lodash.throttle": "^4.1.1"
      },
      "peerDependencies": {
        "react": "^15.x.x || ^16.x.x || ^17.x.x || ^18.x.x",
        "react-dom": "^15.x.x || ^16.x.x || ^17.x.x || ^18.x.x"
      }
    },
    "node_modules/react-lazyload": {
      "version": "3.2.0",
      "resolved": "https://registry.npmjs.org/react-lazyload/-/react-lazyload-3.2.0.tgz",
      "integrity": "sha512-zJlrG8QyVZz4+xkYZH5v1w3YaP5wEFaYSUWC4CT9UXfK75IfRAIEdnyIUF+dXr3kX2MOtL1lUaZmaQZqrETwgw==",
      "peerDependencies": {
        "react": "^0.14.0 || ^15.0.0 || ^16.0.0 || ^17.0.0",
        "react-dom": "^0.14.0 || ^15.0.0 || ^16.0.0 || ^17.0.0"
      }
    },
    "node_modules/react-scroll-to-top": {
      "version": "1.0.8",
      "resolved": "https://registry.npmjs.org/react-scroll-to-top/-/react-scroll-to-top-1.0.8.tgz",
      "integrity": "sha512-GXaRZnET2YUy+teAQTcd6qy3Dn8Xme4Qk+7AFhK/2DCwTuo0gu8+p6aARHyoG1TVcvzRE7QCCZYNiFZmy8HW7Q==",
      "peerDependencies": {
        "react": "^16.8.0 || 17.x"
      }
    },
    "node_modules/react-scroll-up": {
      "version": "1.3.7",
      "resolved": "https://registry.npmjs.org/react-scroll-up/-/react-scroll-up-1.3.7.tgz",
      "integrity": "sha512-STijjW7R/cc2+6GswZzcBb73sQgtQP5IZnSIeJlKGb2I1WDyc1bl5dbHuPeklDY0OAf3opV2DUHXDYhItZe/cw==",
      "dependencies": {
        "detect-passive-events": "^2.0.2",
        "object-assign": "^4.0.1",
        "prop-types": "^15.5.8",
        "tween-functions": "^1.1.0"
      },
      "peerDependencies": {
        "react": "0.13 - 17"
      }
    },
    "node_modules/scheduler": {
      "version": "0.20.2",
      "resolved": "https://registry.npmjs.org/scheduler/-/scheduler-0.20.2.tgz",
      "integrity": "sha512-2eWfGgAqqWFGqtdMmcL5zCMK1U8KlXv8SQFGglL3CEtd0aDVDWgeF/YoCmvln55m5zSk3J/20hTaSBeSObsQDQ==",
      "peer": true,
      "dependencies": {
        "loose-envify": "^1.1.0",
        "object-assign": "^4.1.1"
      }
    },
    "node_modules/tween-functions": {
      "version": "1.2.0",
      "resolved": "https://registry.npmjs.org/tween-functions/-/tween-functions-1.2.0.tgz",
      "integrity": "sha1-GuOlDnxguz3vd06scHrLynO7w/8="
    },
    "node_modules/yarn": {
      "version": "1.22.18",
      "resolved": "https://registry.npmjs.org/yarn/-/yarn-1.22.18.tgz",
      "integrity": "sha512-oFffv6Jp2+BTUBItzx1Z0dpikTX+raRdqupfqzeMKnoh7WD6RuPAxcqDkMUy9vafJkrB0YaV708znpuMhEBKGQ==",
      "hasInstallScript": true,
      "bin": {
        "yarn": "bin/yarn.js",
        "yarnpkg": "bin/yarn.js"
      },
      "engines": {
        "node": ">=4.0.0"
      }
    }
  },
  "dependencies": {
    "@heroicons/react": {
      "version": "1.0.6",
      "resolved": "https://registry.npmjs.org/@heroicons/react/-/react-1.0.6.tgz",
      "integrity": "sha512-JJCXydOFWMDpCP4q13iEplA503MQO3xLoZiKum+955ZCtHINWnx26CUxVxxFQu/uLb4LW3ge15ZpzIkXKkJ8oQ==",
      "requires": {}
    },
    "detect-it": {
      "version": "4.0.1",
      "resolved": "https://registry.npmjs.org/detect-it/-/detect-it-4.0.1.tgz",
      "integrity": "sha512-dg5YBTJYvogK1+dA2mBUDKzOWfYZtHVba89SyZUhc4+e3i2tzgjANFg5lDRCd3UOtRcw00vUTMK8LELcMdicug=="
    },
    "detect-passive-events": {
      "version": "2.0.3",
      "resolved": "https://registry.npmjs.org/detect-passive-events/-/detect-passive-events-2.0.3.tgz",
      "integrity": "sha512-QN/1X65Axis6a9D8qg8Py9cwY/fkWAmAH/edTbmLMcv4m5dboLJ7LcAi8CfaCON2tjk904KwKX/HTdsHC6yeRg==",
      "requires": {
        "detect-it": "^4.0.1"
      }
    },
    "js-tokens": {
      "version": "4.0.0",
      "resolved": "https://registry.npmjs.org/js-tokens/-/js-tokens-4.0.0.tgz",
      "integrity": "sha512-RdJUflcE3cUzKiMqQgsCu06FPu9UdIJO0beYbPhHN4k6apgJtifcoCtT9bcxOpYBtpD2kCM6Sbzg4CausW/PKQ=="
    },
    "lodash.debounce": {
      "version": "4.0.8",
      "resolved": "https://registry.npmjs.org/lodash.debounce/-/lodash.debounce-4.0.8.tgz",
      "integrity": "sha1-gteb/zCmfEAF/9XiUVMArZyk168="
    },
    "lodash.throttle": {
      "version": "4.1.1",
      "resolved": "https://registry.npmjs.org/lodash.throttle/-/lodash.throttle-4.1.1.tgz",
      "integrity": "sha1-wj6RtxAkKscMN/HhzaknTMOb8vQ="
    },
    "loose-envify": {
      "version": "1.4.0",
      "resolved": "https://registry.npmjs.org/loose-envify/-/loose-envify-1.4.0.tgz",
      "integrity": "sha512-lyuxPGr/Wfhrlem2CL/UcnUc1zcqKAImBDzukY7Y5F/yQiNdko6+fRLevlw1HgMySw7f611UIY408EtxRSoK3Q==",
      "requires": {
        "js-tokens": "^3.0.0 || ^4.0.0"
      }
    },
    "object-assign": {
      "version": "4.1.1",
      "resolved": "https://registry.npmjs.org/object-assign/-/object-assign-4.1.1.tgz",
      "integrity": "sha1-IQmtx5ZYh8/AXLvUQsrIv7s2CGM="
    },
    "prop-types": {
      "version": "15.8.1",
      "resolved": "https://registry.npmjs.org/prop-types/-/prop-types-15.8.1.tgz",
      "integrity": "sha512-oj87CgZICdulUohogVAR7AjlC0327U4el4L6eAvOqCeudMDVU0NThNaV+b9Df4dXgSP1gXMTnPdhfe/2qDH5cg==",
      "requires": {
        "loose-envify": "^1.4.0",
        "object-assign": "^4.1.1",
        "react-is": "^16.13.1"
      }
    },
    "react": {
      "version": "17.0.2",
      "resolved": "https://registry.npmjs.org/react/-/react-17.0.2.tgz",
      "integrity": "sha512-gnhPt75i/dq/z3/6q/0asP78D0u592D5L1pd7M8P+dck6Fu/jJeL6iVVK23fptSUZj8Vjf++7wXA8UNclGQcbA==",
      "peer": true,
      "requires": {
        "loose-envify": "^1.1.0",
        "object-assign": "^4.1.1"
      }
    },
    "react-dom": {
      "version": "17.0.2",
      "resolved": "https://registry.npmjs.org/react-dom/-/react-dom-17.0.2.tgz",
      "integrity": "sha512-s4h96KtLDUQlsENhMn1ar8t2bEa+q/YAtj8pPPdIjPDGBDIVNsrD9aXNWqspUe6AzKCIG0C1HZZLqLV7qpOBGA==",
      "peer": true,
      "requires": {
        "loose-envify": "^1.1.0",
        "object-assign": "^4.1.1",
        "scheduler": "^0.20.2"
      }
    },
    "react-is": {
      "version": "16.13.1",
      "resolved": "https://registry.npmjs.org/react-is/-/react-is-16.13.1.tgz",
      "integrity": "sha512-24e6ynE2H+OKt4kqsOvNd8kBpV65zoxbA4BVsEOB3ARVWQki/DHzaUoC5KuON/BiccDaCCTZBuOcfZs70kR8bQ=="
    },
    "react-lazy-load-image-component": {
      "version": "1.5.4",
      "resolved": "https://registry.npmjs.org/react-lazy-load-image-component/-/react-lazy-load-image-component-1.5.4.tgz",
      "integrity": "sha512-PSi9tckzZmiqfYZwS6ke2RoRbICsN5m0qsG6fEjUdQNe5STiJieXLlRuGD3uAASOQPFiKYFSLoueN07nk0uffw==",
      "requires": {
        "lodash.debounce": "^4.0.8",
        "lodash.throttle": "^4.1.1"
      }
    },
    "react-lazyload": {
      "version": "3.2.0",
      "resolved": "https://registry.npmjs.org/react-lazyload/-/react-lazyload-3.2.0.tgz",
      "integrity": "sha512-zJlrG8QyVZz4+xkYZH5v1w3YaP5wEFaYSUWC4CT9UXfK75IfRAIEdnyIUF+dXr3kX2MOtL1lUaZmaQZqrETwgw==",
      "requires": {}
    },
    "react-scroll-to-top": {
      "version": "1.0.8",
      "resolved": "https://registry.npmjs.org/react-scroll-to-top/-/react-scroll-to-top-1.0.8.tgz",
      "integrity": "sha512-GXaRZnET2YUy+teAQTcd6qy3Dn8Xme4Qk+7AFhK/2DCwTuo0gu8+p6aARHyoG1TVcvzRE7QCCZYNiFZmy8HW7Q==",
      "requires": {}
    },
    "react-scroll-up": {
      "version": "1.3.7",
      "resolved": "https://registry.npmjs.org/react-scroll-up/-/react-scroll-up-1.3.7.tgz",
      "integrity": "sha512-STijjW7R/cc2+6GswZzcBb73sQgtQP5IZnSIeJlKGb2I1WDyc1bl5dbHuPeklDY0OAf3opV2DUHXDYhItZe/cw==",
      "requires": {
        "detect-passive-events": "^2.0.2",
        "object-assign": "^4.0.1",
        "prop-types": "^15.5.8",
        "tween-functions": "^1.1.0"
      }
    },
    "scheduler": {
      "version": "0.20.2",
      "resolved": "https://registry.npmjs.org/scheduler/-/scheduler-0.20.2.tgz",
      "integrity": "sha512-2eWfGgAqqWFGqtdMmcL5zCMK1U8KlXv8SQFGglL3CEtd0aDVDWgeF/YoCmvln55m5zSk3J/20hTaSBeSObsQDQ==",
      "peer": true,
      "requires": {
        "loose-envify": "^1.1.0",
        "object-assign": "^4.1.1"
      }
    },
    "tween-functions": {
      "version": "1.2.0",
      "resolved": "https://registry.npmjs.org/tween-functions/-/tween-functions-1.2.0.tgz",
      "integrity": "sha1-GuOlDnxguz3vd06scHrLynO7w/8="
    },
    "yarn": {
      "version": "1.22.18",
      "resolved": "https://registry.npmjs.org/yarn/-/yarn-1.22.18.tgz",
      "integrity": "sha512-oFffv6Jp2+BTUBItzx1Z0dpikTX+raRdqupfqzeMKnoh7WD6RuPAxcqDkMUy9vafJkrB0YaV708znpuMhEBKGQ=="
    }
  }
}
